
Microsoft Visual Studio Solution File, Format Version 12.00
# Visual Studio Version 17
VisualStudioVersion = 17.4.33205.214
MinimumVisualStudioVersion = 10.0.40219.1
Project("{9A19103F-16F7-4668-BE54-9A1E7A4F7556}") = "Task6_PersonalFinance.API", "Task6_PersonalFinance.API\Task6_PersonalFinance.API.csproj", "{27520BB2-1C51-40CE-B678-AFF7484EB26C}"
EndProject
Project("{9A19103F-16F7-4668-BE54-9A1E7A4F7556}") = "Task6_PersonalFinance.DataAccess", "Task6_PersonalFinance.DataAccess\Task6_PersonalFinance.DataAccess.csproj", "{8FEC42E4-F90F-470C-A9F6-3BC5141FDAEC}"
EndProject
Project("{9A19103F-16F7-4668-BE54-9A1E7A4F7556}") = "Task6_PersonalFinance.Core", "Task6_PersonalFinance.Core\Task6_PersonalFinance.Core.csproj", "{393828A1-4884-421C-8E23-4F7A25A8C040}"
EndProject
Project("{54A90642-561A-4BB1-A94E-469ADEE60C69}") = "task6_personalfinance.frontend", "Task6_PersonalFinance.frontend\task6_personalfinance.frontend.esproj", "{BC1FD8B3-C471-4749-ACF7-EFEE2F4D2D32}"
EndProject
Global
	GlobalSection(SolutionConfigurationPlatforms) = preSolution
		Debug|Any CPU = Debug|Any CPU
		Release|Any CPU = Release|Any CPU
	EndGlobalSection
	GlobalSection(ProjectConfigurationPlatforms) = postSolution
		{27520BB2-1C51-40CE-B678-AFF7484EB26C}.Debug|Any CPU.ActiveCfg = Debug|Any CPU
		{27520BB2-1C51-40CE-B678-AFF7484EB26C}.Debug|Any CPU.Build.0 = Debug|Any CPU
		{27520BB2-1C51-40CE-B678-AFF7484EB26C}.Release|Any CPU.ActiveCfg = Release|Any CPU
		{27520BB2-1C51-40CE-B678-AFF7484EB26C}.Release|Any CPU.Build.0 = Release|Any CPU
		{8FEC42E4-F90F-470C-A9F6-3BC5141FDAEC}.Debug|Any CPU.ActiveCfg = Debug|Any CPU
		{8FEC42E4-F90F-470C-A9F6-3BC5141FDAEC}.Debug|Any CPU.Build.0 = Debug|Any CPU
		{8FEC42E4-F90F-470C-A9F6-3BC5141FDAEC}.Release|Any CPU.ActiveCfg = Release|Any CPU
		{8FEC42E4-F90F-470C-A9F6-3BC5141FDAEC}.Release|Any CPU.Build.0 = Release|Any CPU
		{393828A1-4884-421C-8E23-4F7A25A8C040}.Debug|Any CPU.ActiveCfg = Debug|Any CPU
		{393828A1-4884-421C-8E23-4F7A25A8C040}.Debug|Any CPU.Build.0 = Debug|Any CPU
		{393828A1-4884-421C-8E23-4F7A25A8C040}.Release|Any CPU.ActiveCfg = Release|Any CPU
		{393828A1-4884-421C-8E23-4F7A25A8C040}.Release|Any CPU.Build.0 = Release|Any CPU
		{BC1FD8B3-C471-4749-ACF7-EFEE2F4D2D32}.Debug|Any CPU.ActiveCfg = Debug|Any CPU
		{BC1FD8B3-C471-4749-ACF7-EFEE2F4D2D32}.Debug|Any CPU.Build.0 = Debug|Any CPU
		{BC1FD8B3-C471-4749-ACF7-EFEE2F4D2D32}.Debug|Any CPU.Deploy.0 = Debug|Any CPU
		{BC1FD8B3-C471-4749-ACF7-EFEE2F4D2D32}.Release|Any CPU.ActiveCfg = Release|Any CPU
		{BC1FD8B3-C471-4749-ACF7-EFEE2F4D2D32}.Release|Any CPU.Build.0 = Release|Any CPU
		{BC1FD8B3-C471-4749-ACF7-EFEE2F4D2D32}.Release|Any CPU.Deploy.0 = Release|Any CPU
	EndGlobalSection
	GlobalSection(SolutionProperties) = preSolution
		HideSolutionNode = FALSE
	EndGlobalSection
	GlobalSection(ExtensibilityGlobals) = postSolution
		SolutionGuid = {40C36CB6-A9AE-4F84-A8B8-B19DDFE74C56}
	EndGlobalSection
EndGlobal
